// !$*UTF8*$!
{
	archiveVersion = 1;
	classes = {
	};
	objectVersion = 55;
	objects = {

/* Begin PBXBuildFile section */
		EE9E39DC2812CB920032CEAD /* AppDelegate.swift in Sources */ = {isa = PBXBuildFile; fileRef = EE9E39DB2812CB920032CEAD /* AppDelegate.swift */; };
		EE9E39DE2812CB920032CEAD /* SceneDelegate.swift in Sources */ = {isa = PBXBuildFile; fileRef = EE9E39DD2812CB920032CEAD /* SceneDelegate.swift */; };
		EE9E39E02812CB920032CEAD /* ViewController.swift in Sources */ = {isa = PBXBuildFile; fileRef = EE9E39DF2812CB920032CEAD /* ViewController.swift */; };
		EE9E39E32812CB920032CEAD /* Main.storyboard in Resources */ = {isa = PBXBuildFile; fileRef = EE9E39E12812CB920032CEAD /* Main.storyboard */; };
		EE9E39E52812CB960032CEAD /* Assets.xcassets in Resources */ = {isa = PBXBuildFile; fileRef = EE9E39E42812CB960032CEAD /* Assets.xcassets */; };
		EE9E39E82812CB960032CEAD /* LaunchScreen.storyboard in Resources */ = {isa = PBXBuildFile; fileRef = EE9E39E62812CB960032CEAD /* LaunchScreen.storyboard */; };
		EE9E39F02812CCD00032CEAD /* ImagesViewController.swift in Sources */ = {isa = PBXBuildFile; fileRef = EE9E39EF2812CCD00032CEAD /* ImagesViewController.swift */; };
		EE9E39F22812CCEE0032CEAD /* ImagesViewController.storyboard in Resources */ = {isa = PBXBuildFile; fileRef = EE9E39F12812CCEE0032CEAD /* ImagesViewController.storyboard */; };
		EE9E39F42812E8830032CEAD /* GalleryViewController.swift in Sources */ = {isa = PBXBuildFile; fileRef = EE9E39F32812E8830032CEAD /* GalleryViewController.swift */; };
		EE9E39F62812E8910032CEAD /* GalleryViewController.storyboard in Resources */ = {isa = PBXBuildFile; fileRef = EE9E39F52812E8910032CEAD /* GalleryViewController.storyboard */; };
		EE9E39FA2812F49B0032CEAD /* CollectionViewCell.swift in Sources */ = {isa = PBXBuildFile; fileRef = EE9E39F92812F49B0032CEAD /* CollectionViewCell.swift */; };
/* End PBXBuildFile section */

/* Begin PBXFileReference section */
		EE9E39D82812CB920032CEAD /* homework 18.app */ = {isa = PBXFileReference; explicitFileType = wrapper.application; includeInIndex = 0; path = "homework 18.app"; sourceTree = BUILT_PRODUCTS_DIR; };
		EE9E39DB2812CB920032CEAD /* AppDelegate.swift */ = {isa = PBXFileReference; lastKnownFileType = sourcecode.swift; path = AppDelegate.swift; sourceTree = "<group>"; };
		EE9E39DD2812CB920032CEAD /* SceneDelegate.swift */ = {isa = PBXFileReference; lastKnownFileType = sourcecode.swift; path = SceneDelegate.swift; sourceTree = "<group>"; };
		EE9E39DF2812CB920032CEAD /* ViewController.swift */ = {isa = PBXFileReference; lastKnownFileType = sourcecode.swift; path = ViewController.swift; sourceTree = "<group>"; };
		EE9E39E22812CB920032CEAD /* Base */ = {isa = PBXFileReference; lastKnownFileType = file.storyboard; name = Base; path = Base.lproj/Main.storyboard; sourceTree = "<group>"; };
		EE9E39E42812CB960032CEAD /* Assets.xcassets */ = {isa = PBXFileReference; lastKnownFileType = folder.assetcatalog; path = Assets.xcassets; sourceTree = "<group>"; };
		EE9E39E72812CB960032CEAD /* Base */ = {isa = PBXFileReference; lastKnownFileType = file.storyboard; name = Base; path = Base.lproj/LaunchScreen.storyboard; sourceTree = "<group>"; };
		EE9E39E92812CB960032CEAD /* Info.plist */ = {isa = PBXFileReference; lastKnownFileType = text.plist.xml; path = Info.plist; sourceTree = "<group>"; };
		EE9E39EF2812CCD00032CEAD /* ImagesViewController.swift */ = {isa = PBXFileReference; lastKnownFileType = sourcecode.swift; path = ImagesViewController.swift; sourceTree = "<group>"; };
		EE9E39F12812CCEE0032CEAD /* ImagesViewController.storyboard */ = {isa = PBXFileReference; lastKnownFileType = file.storyboard; path = ImagesViewController.storyboard; sourceTree = "<group>"; };
		EE9E39F32812E8830032CEAD /* GalleryViewController.swift */ = {isa = PBXFileReference; lastKnownFileType = sourcecode.swift; path = GalleryViewController.swift; sourceTree = "<group>"; };
		EE9E39F52812E8910032CEAD /* GalleryViewController.storyboard */ = {isa = PBXFileReference; lastKnownFileType = file.storyboard; path = GalleryViewController.storyboard; sourceTree = "<group>"; };
		EE9E39F92812F49B0032CEAD /* CollectionViewCell.swift */ = {isa = PBXFileReference; lastKnownFileType = sourcecode.swift; path = CollectionViewCell.swift; sourceTree = "<group>"; };
/* End PBXFileReference section */

/* Begin PBXFrameworksBuildPhase section */
		EE9E39D52812CB920032CEAD /* Frameworks */ = {
			isa = PBXFrameworksBuildPhase;
			buildActionMask = 2147483647;
			files = (
			);
			runOnlyForDeploymentPostprocessing = 0;
		};
/* End PBXFrameworksBuildPhase section */

/* Begin PBXGroup section */
		EE9E39CF2812CB920032CEAD = {
			isa = PBXGroup;
			children = (
				EE9E39DA2812CB920032CEAD /* homework 18 */,
				EE9E39D92812CB920032CEAD /* Products */,
			);
			sourceTree = "<group>";
		};
		EE9E39D92812CB920032CEAD /* Products */ = {
			isa = PBXGroup;
			children = (
				EE9E39D82812CB920032CEAD /* homework 18.app */,
			);
			name = Products;
			sourceTree = "<group>";
		};
		EE9E39DA2812CB920032CEAD /* homework 18 */ = {
			isa = PBXGroup;
			children = (
				EE9E39DB2812CB920032CEAD /* AppDelegate.swift */,
				EE9E39DD2812CB920032CEAD /* SceneDelegate.swift */,
				EE9E39DF2812CB920032CEAD /* ViewController.swift */,
				EE9E39EF2812CCD00032CEAD /* ImagesViewController.swift */,
				EE9E39F32812E8830032CEAD /* GalleryViewController.swift */,
				EE9E39F92812F49B0032CEAD /* CollectionViewCell.swift */,
				EE9E39F12812CCEE0032CEAD /* ImagesViewController.storyboard */,
				EE9E39F52812E8910032CEAD /* GalleryViewController.storyboard */,
				EE9E39E12812CB920032CEAD /* Main.storyboard */,
				EE9E39E42812CB960032CEAD /* Assets.xcassets */,
				EE9E39E62812CB960032CEAD /* LaunchScreen.storyboard */,
				EE9E39E92812CB960032CEAD /* Info.plist */,
			);
			path = "homework 18";
			sourceTree = "<group>";
		};
/* End PBXGroup section */

/* Begin PBXNativeTarget section */
		EE9E39D72812CB920032CEAD /* homework 18 */ = {
			isa = PBXNativeTarget;
			buildConfigurationList = EE9E39EC2812CB960032CEAD /* Build configuration list for PBXNativeTarget "homework 18" */;
			buildPhases = (
				EE9E39D42812CB920032CEAD /* Sources */,
				EE9E39D52812CB920032CEAD /* Frameworks */,
				EE9E39D62812CB920032CEAD /* Resources */,
			);
			buildRules = (
			);
			dependencies = (
			);
			name = "homework 18";
			productName = "homework 18";
			productReference = EE9E39D82812CB920032CEAD /* homework 18.app */;
			productType = "com.apple.product-type.application";
		};
/* End PBXNativeTarget section */

/* Begin PBXProject section */
		EE9E39D02812CB920032CEAD /* Project object */ = {
			isa = PBXProject;
			attributes = {
				BuildIndependentTargetsInParallel = 1;
				LastSwiftUpdateCheck = 1320;
				LastUpgradeCheck = 1320;
				TargetAttributes = {
					EE9E39D72812CB920032CEAD = {
						CreatedOnToolsVersion = 13.2;
					};
				};
			};
			buildConfigurationList = EE9E39D32812CB920032CEAD /* Build configuration list for PBXProject "homework 18" */;
			compatibilityVersion = "Xcode 13.0";
			developmentRegion = en;
			hasScannedForEncodings = 0;
			knownRegions = (
				en,
				Base,
			);
			mainGroup = EE9E39CF2812CB920032CEAD;
			productRefGroup = EE9E39D92812CB920032CEAD /* Products */;
			projectDirPath = "";
			projectRoot = "";
			targets = (
				EE9E39D72812CB920032CEAD /* homework 18 */,
			);
		};
/* End PBXProject section */

/* Begin PBXResourcesBuildPhase section */
		EE9E39D62812CB920032CEAD /* Resources */ = {
			isa = PBXResourcesBuildPhase;
			buildActionMask = 2147483647;
			files = (
				EE9E39E82812CB960032CEAD /* LaunchScreen.storyboard in Resources */,
				EE9E39E52812CB960032CEAD /* Assets.xcassets in Resources */,
				EE9E39E32812CB920032CEAD /* Main.storyboard in Resources */,
				EE9E39F22812CCEE0032CEAD /* ImagesViewController.storyboard in Resources */,
				EE9E39F62812E8910032CEAD /* GalleryViewController.storyboard in Resources */,
			);
			runOnlyForDeploymentPostprocessing = 0;
		};
/* End PBXResourcesBuildPhase section */

/* Begin PBXSourcesBuildPhase section */
		EE9E39D42812CB920032CEAD /* Sources */ = {
			isa = PBXSourcesBuildPhase;
			buildActionMask = 2147483647;
			files = (
				EE9E39E02812CB920032CEAD /* ViewController.swift in Sources */,
				EE9E39DC2812CB920032CEAD /* AppDelegate.swift in Sources */,
				EE9E39FA2812F49B0032CEAD /* CollectionViewCell.swift in Sources */,
				EE9E39F42812E8830032CEAD /* GalleryViewController.swift in Sources */,
				EE9E39F02812CCD00032CEAD /* ImagesViewController.swift in Sources */,
				EE9E39DE2812CB920032CEAD /* SceneDelegate.swift in Sources */,
			);
			runOnlyForDeploymentPostprocessing = 0;
		};
/* End PBXSourcesBuildPhase section */

/* Begin PBXVariantGroup section */
		EE9E39E12812CB920032CEAD /* Main.storyboard */ = {
			isa = PBXVariantGroup;
			children = (
				EE9E39E22812CB920032CEAD /* Base */,
			);
			name = Main.storyboard;
			sourceTree = "<group>";
		};
		EE9E39E62812CB960032CEAD /* LaunchScreen.storyboard */ = {
			isa = PBXVariantGroup;
			children = (
				EE9E39E72812CB960032CEAD /* Base */,
			);
			name = LaunchScreen.storyboard;
			sourceTree = "<group>";
		};
/* End PBXVariantGroup section */

/* Begin XCBuildConfiguration section */
		EE9E39EA2812CB960032CEAD /* Debug */ = {
			isa = XCBuildConfiguration;
			buildSettings = {
				ALWAYS_SEARCH_USER_PATHS = NO;
				CLANG_ANALYZER_NONNULL = YES;
				CLANG_ANALYZER_NUMBER_OBJECT_CONVERSION = YES_AGGRESSIVE;
				CLANG_CXX_LANGUAGE_STANDARD = "gnu++17";
				CLANG_CXX_LIBRARY = "libc++";
				CLANG_ENABLE_MODULES = YES;
				CLANG_ENABLE_OBJC_ARC = YES;
				CLANG_ENABLE_OBJC_WEAK = YES;
				CLANG_WARN_BLOCK_CAPTURE_AUTORELEASING = YES;
				CLANG_WARN_BOOL_CONVERSION = YES;
				CLANG_WARN_COMMA = YES;
				CLANG_WARN_CONSTANT_CONVERSION = YES;
				CLANG_WARN_DEPRECATED_OBJC_IMPLEMENTATIONS = YES;
				CLANG_WARN_DIRECT_OBJC_ISA_USAGE = YES_ERROR;
				CLANG_WARN_DOCUMENTATION_COMMENTS = YES;
				CLANG_WARN_EMPTY_BODY = YES;
				CLANG_WARN_ENUM_CONVERSION = YES;
				CLANG_WARN_INFINITE_RECURSION = YES;
				CLANG_WARN_INT_CONVERSION = YES;
				CLANG_WARN_NON_LITERAL_NULL_CONVERSION = YES;
				CLANG_WARN_OBJC_IMPLICIT_RETAIN_SELF = YES;
				CLANG_WARN_OBJC_LITERAL_CONVERSION = YES;
				CLANG_WARN_OBJC_ROOT_CLASS = YES_ERROR;
				CLANG_WARN_QUOTED_INCLUDE_IN_FRAMEWORK_HEADER = YES;
				CLANG_WARN_RANGE_LOOP_ANALYSIS = YES;
				CLANG_WARN_STRICT_PROTOTYPES = YES;
				CLANG_WARN_SUSPICIOUS_MOVE = YES;
				CLANG_WARN_UNGUARDED_AVAILABILITY = YES_AGGRESSIVE;
				CLANG_WARN_UNREACHABLE_CODE = YES;
				CLANG_WARN__DUPLICATE_METHOD_MATCH = YES;
				COPY_PHASE_STRIP = NO;
				DEBUG_INFORMATION_FORMAT = dwarf;
				ENABLE_STRICT_OBJC_MSGSEND = YES;
				ENABLE_TESTABILITY = YES;
				GCC_C_LANGUAGE_STANDARD = gnu11;
				GCC_DYNAMIC_NO_PIC = NO;
				GCC_NO_COMMON_BLOCKS = YES;
				GCC_OPTIMIZATION_LEVEL = 0;
				GCC_PREPROCESSOR_DEFINITIONS = (
					"DEBUG=1",
					"$(inherited)",
				);
				GCC_WARN_64_TO_32_BIT_CONVERSION = YES;
				GCC_WARN_ABOUT_RETURN_TYPE = YES_ERROR;
				GCC_WARN_UNDECLARED_SELECTOR = YES;
				GCC_WARN_UNINITIALIZED_AUTOS = YES_AGGRESSIVE;
				GCC_WARN_UNUSED_FUNCTION = YES;
				GCC_WARN_UNUSED_VARIABLE = YES;
				IPHONEOS_DEPLOYMENT_TARGET = 15.2;
				MTL_ENABLE_DEBUG_INFO = INCLUDE_SOURCE;
				MTL_FAST_MATH = YES;
				ONLY_ACTIVE_ARCH = YES;
				SDKROOT = iphoneos;
				SWIFT_ACTIVE_COMPILATION_CONDITIONS = DEBUG;
				SWIFT_OPTIMIZATION_LEVEL = "-Onone";
			};
			name = Debug;
		};
		EE9E39EB2812CB960032CEAD /* Release */ = {
			isa = XCBuildConfiguration;
			buildSettings = {
				ALWAYS_SEARCH_USER_PATHS = NO;
				CLANG_ANALYZER_NONNULL = YES;
				CLANG_ANALYZER_NUMBER_OBJECT_CONVERSION = YES_AGGRESSIVE;
				CLANG_CXX_LANGUAGE_STANDARD = "gnu++17";
				CLANG_CXX_LIBRARY = "libc++";
				CLANG_ENABLE_MODULES = YES;
				CLANG_ENABLE_OBJC_ARC = YES;
				CLANG_ENABLE_OBJC_WEAK = YES;
				CLANG_WARN_BLOCK_CAPTURE_AUTORELEASING = YES;
				CLANG_WARN_BOOL_CONVERSION = YES;
				CLANG_WARN_COMMA = YES;
				CLANG_WARN_CONSTANT_CONVERSION = YES;
				CLANG_WARN_DEPRECATED_OBJC_IMPLEMENTATIONS = YES;
				CLANG_WARN_DIRECT_OBJC_ISA_USAGE = YES_ERROR;
				CLANG_WARN_DOCUMENTATION_COMMENTS = YES;
				CLANG_WARN_EMPTY_BODY = YES;
				CLANG_WARN_ENUM_CONVERSION = YES;
				CLANG_WARN_INFINITE_RECURSION = YES;
				CLANG_WARN_INT_CONVERSION = YES;
				CLANG_WARN_NON_LITERAL_NULL_CONVERSION = YES;
				CLANG_WARN_OBJC_IMPLICIT_RETAIN_SELF = YES;
				CLANG_WARN_OBJC_LITERAL_CONVERSION = YES;
				CLANG_WARN_OBJC_ROOT_CLASS = YES_ERROR;
				CLANG_WARN_QUOTED_INCLUDE_IN_FRAMEWORK_HEADER = YES;
				CLANG_WARN_RANGE_LOOP_ANALYSIS = YES;
				CLANG_WARN_STRICT_PROTOTYPES = YES;
				CLANG_WARN_SUSPICIOUS_MOVE = YES;
				CLANG_WARN_UNGUARDED_AVAILABILITY = YES_AGGRESSIVE;
				CLANG_WARN_UNREACHABLE_CODE = YES;
				CLANG_WARN__DUPLICATE_METHOD_MATCH = YES;
				COPY_PHASE_STRIP = NO;
				DEBUG_INFORMATION_FORMAT = "dwarf-with-dsym";
				ENABLE_NS_ASSERTIONS = NO;
				ENABLE_STRICT_OBJC_MSGSEND = YES;
				GCC_C_LANGUAGE_STANDARD = gnu11;
				GCC_NO_COMMON_BLOCKS = YES;
				GCC_WARN_64_TO_32_BIT_CONVERSION = YES;
				GCC_WARN_ABOUT_RETURN_TYPE = YES_ERROR;
				GCC_WARN_UNDECLARED_SELECTOR = YES;
				GCC_WARN_UNINITIALIZED_AUTOS = YES_AGGRESSIVE;
				GCC_WARN_UNUSED_FUNCTION = YES;
				GCC_WARN_UNUSED_VARIABLE = YES;
				IPHONEOS_DEPLOYMENT_TARGET = 15.2;
				MTL_ENABLE_DEBUG_INFO = NO;
				MTL_FAST_MATH = YES;
				SDKROOT = iphoneos;
				SWIFT_COMPILATION_MODE = wholemodule;
				SWIFT_OPTIMIZATION_LEVEL = "-O";
				VALIDATE_PRODUCT = YES;
			};
			name = Release;
		};
		EE9E39ED2812CB960032CEAD /* Debug */ = {
			isa = XCBuildConfiguration;
			buildSettings = {
				ASSETCATALOG_COMPILER_APPICON_NAME = AppIcon;
				ASSETCATALOG_COMPILER_GLOBAL_ACCENT_COLOR_NAME = AccentColor;
				CODE_SIGN_STYLE = Automatic;
				CURRENT_PROJECT_VERSION = 1;
				GENERATE_INFOPLIST_FILE = YES;
				INFOPLIST_FILE = "homework 18/Info.plist";
				INFOPLIST_KEY_UIApplicationSupportsIndirectInputEvents = YES;
				INFOPLIST_KEY_UILaunchStoryboardName = LaunchScreen;
				INFOPLIST_KEY_UIMainStoryboardFile = Main;
				INFOPLIST_KEY_UISupportedInterfaceOrientations_iPad = "UIInterfaceOrientationPortrait UIInterfaceOrientationPortraitUpsideDown UIInterfaceOrientationLandscapeLeft UIInterfaceOrientationLandscapeRight";
				INFOPLIST_KEY_UISupportedInterfaceOrientations_iPhone = "UIInterfaceOrientationPortrait UIInterfaceOrientationLandscapeLeft UIInterfaceOrientationLandscapeRight";
				LD_RUNPATH_SEARCH_PATHS = (
					"$(inherited)",
					"@executable_path/Frameworks",
				);
				MARKETING_VERSION = 1.0;
				PRODUCT_BUNDLE_IDENTIFIER = "homework-18.homework-18";
				PRODUCT_NAME = "$(TARGET_NAME)";
				SWIFT_EMIT_LOC_STRINGS = YES;
				SWIFT_VERSION = 5.0;
				TARGETED_DEVICE_FAMILY = "1,2";
			};
			name = Debug;
		};
		EE9E39EE2812CB960032CEAD /* Release */ = {
			isa = XCBuildConfiguration;
			buildSettings = {
				ASSETCATALOG_COMPILER_APPICON_NAME = AppIcon;
				ASSETCATALOG_COMPILER_GLOBAL_ACCENT_COLOR_NAME = AccentColor;
				CODE_SIGN_STYLE = Automatic;
				CURRENT_PROJECT_VERSION = 1;
				GENERATE_INFOPLIST_FILE = YES;
				INFOPLIST_FILE = "homework 18/Info.plist";
				INFOPLIST_KEY_UIApplicationSupportsIndirectInputEvents = YES;
				INFOPLIST_KEY_UILaunchStoryboardName = LaunchScreen;
				INFOPLIST_KEY_UIMainStoryboardFile = Main;
				INFOPLIST_KEY_UISupportedInterfaceOrientations_iPad = "UIInterfaceOrientationPortrait UIInterfaceOrientationPortraitUpsideDown UIInterfaceOrientationLandscapeLeft UIInterfaceOrientationLandscapeRight";
				INFOPLIST_KEY_UISupportedInterfaceOrientations_iPhone = "UIInterfaceOrientationPortrait UIInterfaceOrientationLandscapeLeft UIInterfaceOrientationLandscapeRight";
				LD_RUNPATH_SEARCH_PATHS = (
					"$(inherited)",
					"@executable_path/Frameworks",
				);
				MARKETING_VERSION = 1.0;
				PRODUCT_BUNDLE_IDENTIFIER = "homework-18.homework-18";
				PRODUCT_NAME = "$(TARGET_NAME)";
				SWIFT_EMIT_LOC_STRINGS = YES;
				SWIFT_VERSION = 5.0;
				TARGETED_DEVICE_FAMILY = "1,2";
			};
			name = Release;
		};
/* End XCBuildConfiguration section */

/* Begin XCConfigurationList section */
		EE9E39D32812CB920032CEAD /* Build configuration list for PBXProject "homework 18" */ = {
			isa = XCConfigurationList;
			buildConfigurations = (
				EE9E39EA2812CB960032CEAD /* Debug */,
				EE9E39EB2812CB960032CEAD /* Release */,
			);
			defaultConfigurationIsVisible = 0;
			defaultConfigurationName = Release;
		};
		EE9E39EC2812CB960032CEAD /* Build configuration list for PBXNativeTarget "homework 18" */ = {
			isa = XCConfigurationList;
			buildConfigurations = (
				EE9E39ED2812CB960032CEAD /* Debug */,
				EE9E39EE2812CB960032CEAD /* Release */,
			);
			defaultConfigurationIsVisible = 0;
			defaultConfigurationName = Release;
		};
/* End XCConfigurationList section */
	};
	rootObject = EE9E39D02812CB920032CEAD /* Project object */;
}
